// !$*UTF8*$!
{
	archiveVersion = 1;
	classes = {
	};
	objectVersion = 55;
	objects = {

/* Begin PBXBuildFile section */
		FFE6C7C328A82BD70039531B /* AppDelegate.swift in Sources */ = {isa = PBXBuildFile; fileRef = FFE6C7C228A82BD70039531B /* AppDelegate.swift */; };
		FFE6C7C528A82BD70039531B /* SceneDelegate.swift in Sources */ = {isa = PBXBuildFile; fileRef = FFE6C7C428A82BD70039531B /* SceneDelegate.swift */; };
		FFE6C7C728A82BD70039531B /* ViewController.swift in Sources */ = {isa = PBXBuildFile; fileRef = FFE6C7C628A82BD70039531B /* ViewController.swift */; };
		FFE6C7CA28A82BD70039531B /* Main.storyboard in Resources */ = {isa = PBXBuildFile; fileRef = FFE6C7C828A82BD70039531B /* Main.storyboard */; };
		FFE6C7CC28A82BDD0039531B /* Assets.xcassets in Resources */ = {isa = PBXBuildFile; fileRef = FFE6C7CB28A82BDD0039531B /* Assets.xcassets */; };
		FFE6C7CF28A82BDD0039531B /* LaunchScreen.storyboard in Resources */ = {isa = PBXBuildFile; fileRef = FFE6C7CD28A82BDD0039531B /* LaunchScreen.storyboard */; };
		FFE6C7DE28A82D190039531B /* Timer.swift in Sources */ = {isa = PBXBuildFile; fileRef = FFE6C7DD28A82D190039531B /* Timer.swift */; };
		FFE6C7E128A830D10039531B /* NetworkManager.swift in Sources */ = {isa = PBXBuildFile; fileRef = FFE6C7E028A830D10039531B /* NetworkManager.swift */; };
/* End PBXBuildFile section */

/* Begin PBXFileReference section */
		FFE6C7BF28A82BD70039531B /* WeatherAstroTimer.app */ = {isa = PBXFileReference; explicitFileType = wrapper.application; includeInIndex = 0; path = WeatherAstroTimer.app; sourceTree = BUILT_PRODUCTS_DIR; };
		FFE6C7C228A82BD70039531B /* AppDelegate.swift */ = {isa = PBXFileReference; lastKnownFileType = sourcecode.swift; path = AppDelegate.swift; sourceTree = "<group>"; };
		FFE6C7C428A82BD70039531B /* SceneDelegate.swift */ = {isa = PBXFileReference; lastKnownFileType = sourcecode.swift; path = SceneDelegate.swift; sourceTree = "<group>"; };
		FFE6C7C628A82BD70039531B /* ViewController.swift */ = {isa = PBXFileReference; lastKnownFileType = sourcecode.swift; path = ViewController.swift; sourceTree = "<group>"; };
		FFE6C7C928A82BD70039531B /* Base */ = {isa = PBXFileReference; lastKnownFileType = file.storyboard; name = Base; path = Base.lproj/Main.storyboard; sourceTree = "<group>"; };
		FFE6C7CB28A82BDD0039531B /* Assets.xcassets */ = {isa = PBXFileReference; lastKnownFileType = folder.assetcatalog; path = Assets.xcassets; sourceTree = "<group>"; };
		FFE6C7CE28A82BDD0039531B /* Base */ = {isa = PBXFileReference; lastKnownFileType = file.storyboard; name = Base; path = Base.lproj/LaunchScreen.storyboard; sourceTree = "<group>"; };
		FFE6C7D028A82BDD0039531B /* Info.plist */ = {isa = PBXFileReference; lastKnownFileType = text.plist.xml; path = Info.plist; sourceTree = "<group>"; };
		FFE6C7DD28A82D190039531B /* Timer.swift */ = {isa = PBXFileReference; lastKnownFileType = sourcecode.swift; path = Timer.swift; sourceTree = "<group>"; };
		FFE6C7E028A830D10039531B /* NetworkManager.swift */ = {isa = PBXFileReference; lastKnownFileType = sourcecode.swift; path = NetworkManager.swift; sourceTree = "<group>"; };
/* End PBXFileReference section */

/* Begin PBXFrameworksBuildPhase section */
		FFE6C7BC28A82BD70039531B /* Frameworks */ = {
			isa = PBXFrameworksBuildPhase;
			buildActionMask = 2147483647;
			files = (
			);
			runOnlyForDeploymentPostprocessing = 0;
		};
/* End PBXFrameworksBuildPhase section */

/* Begin PBXGroup section */
		FFE6C7B628A82BD70039531B = {
			isa = PBXGroup;
			children = (
				FFE6C7C128A82BD70039531B /* WeatherAstroTimer */,
				FFE6C7C028A82BD70039531B /* Products */,
			);
			sourceTree = "<group>";
		};
		FFE6C7C028A82BD70039531B /* Products */ = {
			isa = PBXGroup;
			children = (
				FFE6C7BF28A82BD70039531B /* WeatherAstroTimer.app */,
			);
			name = Products;
			sourceTree = "<group>";
		};
		FFE6C7C128A82BD70039531B /* WeatherAstroTimer */ = {
			isa = PBXGroup;
			children = (
				FFE6C7DA28A82CE00039531B /* ViewControllers */,
				FFE6C7DF28A82D2A0039531B /* Models */,
				FFE6C7E228A830DB0039531B /* Services */,
				FFE6C7D728A82C5C0039531B /* Storyboards */,
				FFE6C7D628A82C420039531B /* App */,
				FFE6C7D828A82C6E0039531B /* Resourses */,
			);
			path = WeatherAstroTimer;
			sourceTree = "<group>";
		};
		FFE6C7D628A82C420039531B /* App */ = {
			isa = PBXGroup;
			children = (
				FFE6C7C228A82BD70039531B /* AppDelegate.swift */,
				FFE6C7C428A82BD70039531B /* SceneDelegate.swift */,
				FFE6C7D028A82BDD0039531B /* Info.plist */,
			);
			path = App;
			sourceTree = "<group>";
		};
		FFE6C7D728A82C5C0039531B /* Storyboards */ = {
			isa = PBXGroup;
			children = (
				FFE6C7C828A82BD70039531B /* Main.storyboard */,
				FFE6C7CD28A82BDD0039531B /* LaunchScreen.storyboard */,
			);
			path = Storyboards;
			sourceTree = "<group>";
		};
		FFE6C7D828A82C6E0039531B /* Resourses */ = {
			isa = PBXGroup;
			children = (
				FFE6C7CB28A82BDD0039531B /* Assets.xcassets */,
			);
			path = Resourses;
			sourceTree = "<group>";
		};
		FFE6C7DA28A82CE00039531B /* ViewControllers */ = {
			isa = PBXGroup;
			children = (
				FFE6C7C628A82BD70039531B /* ViewController.swift */,
			);
			path = ViewControllers;
			sourceTree = "<group>";
		};
		FFE6C7DF28A82D2A0039531B /* Models */ = {
			isa = PBXGroup;
			children = (
				FFE6C7DD28A82D190039531B /* Timer.swift */,
			);
			path = Models;
			sourceTree = "<group>";
		};
		FFE6C7E228A830DB0039531B /* Services */ = {
			isa = PBXGroup;
			children = (
				FFE6C7E028A830D10039531B /* NetworkManager.swift */,
			);
			path = Services;
			sourceTree = "<group>";
		};
/* End PBXGroup section */

/* Begin PBXNativeTarget section */
		FFE6C7BE28A82BD70039531B /* WeatherAstroTimer */ = {
			isa = PBXNativeTarget;
			buildConfigurationList = FFE6C7D328A82BDD0039531B /* Build configuration list for PBXNativeTarget "WeatherAstroTimer" */;
			buildPhases = (
				FFE6C7BB28A82BD70039531B /* Sources */,
				FFE6C7BC28A82BD70039531B /* Frameworks */,
				FFE6C7BD28A82BD70039531B /* Resources */,
			);
			buildRules = (
			);
			dependencies = (
			);
			name = WeatherAstroTimer;
			productName = WeatherAstroTimer;
			productReference = FFE6C7BF28A82BD70039531B /* WeatherAstroTimer.app */;
			productType = "com.apple.product-type.application";
		};
/* End PBXNativeTarget section */

/* Begin PBXProject section */
		FFE6C7B728A82BD70039531B /* Project object */ = {
			isa = PBXProject;
			attributes = {
				BuildIndependentTargetsInParallel = 1;
				LastSwiftUpdateCheck = 1340;
				LastUpgradeCheck = 1340;
				TargetAttributes = {
					FFE6C7BE28A82BD70039531B = {
						CreatedOnToolsVersion = 13.4.1;
					};
				};
			};
			buildConfigurationList = FFE6C7BA28A82BD70039531B /* Build configuration list for PBXProject "WeatherAstroTimer" */;
			compatibilityVersion = "Xcode 13.0";
			developmentRegion = en;
			hasScannedForEncodings = 0;
			knownRegions = (
				en,
				Base,
			);
			mainGroup = FFE6C7B628A82BD70039531B;
			productRefGroup = FFE6C7C028A82BD70039531B /* Products */;
			projectDirPath = "";
			projectRoot = "";
			targets = (
				FFE6C7BE28A82BD70039531B /* WeatherAstroTimer */,
			);
		};
/* End PBXProject section */

/* Begin PBXResourcesBuildPhase section */
		FFE6C7BD28A82BD70039531B /* Resources */ = {
			isa = PBXResourcesBuildPhase;
			buildActionMask = 2147483647;
			files = (
				FFE6C7CF28A82BDD0039531B /* LaunchScreen.storyboard in Resources */,
				FFE6C7CC28A82BDD0039531B /* Assets.xcassets in Resources */,
				FFE6C7CA28A82BD70039531B /* Main.storyboard in Resources */,
			);
			runOnlyForDeploymentPostprocessing = 0;
		};
/* End PBXResourcesBuildPhase section */

/* Begin PBXSourcesBuildPhase section */
		FFE6C7BB28A82BD70039531B /* Sources */ = {
			isa = PBXSourcesBuildPhase;
			buildActionMask = 2147483647;
			files = (
				FFE6C7C728A82BD70039531B /* ViewController.swift in Sources */,
				FFE6C7C328A82BD70039531B /* AppDelegate.swift in Sources */,
				FFE6C7E128A830D10039531B /* NetworkManager.swift in Sources */,
				FFE6C7C528A82BD70039531B /* SceneDelegate.swift in Sources */,
				FFE6C7DE28A82D190039531B /* Timer.swift in Sources */,
			);
			runOnlyForDeploymentPostprocessing = 0;
		};
/* End PBXSourcesBuildPhase section */

/* Begin PBXVariantGroup section */
		FFE6C7C828A82BD70039531B /* Main.storyboard */ = {
			isa = PBXVariantGroup;
			children = (
				FFE6C7C928A82BD70039531B /* Base */,
			);
			name = Main.storyboard;
			sourceTree = "<group>";
		};
		FFE6C7CD28A82BDD0039531B /* LaunchScreen.storyboard */ = {
			isa = PBXVariantGroup;
			children = (
				FFE6C7CE28A82BDD0039531B /* Base */,
			);
			name = LaunchScreen.storyboard;
			sourceTree = "<group>";
		};
/* End PBXVariantGroup section */

/* Begin XCBuildConfiguration section */
		FFE6C7D128A82BDD0039531B /* Debug */ = {
			isa = XCBuildConfiguration;
			buildSettings = {
				ALWAYS_SEARCH_USER_PATHS = NO;
				CLANG_ANALYZER_NONNULL = YES;
				CLANG_ANALYZER_NUMBER_OBJECT_CONVERSION = YES_AGGRESSIVE;
				CLANG_CXX_LANGUAGE_STANDARD = "gnu++17";
				CLANG_ENABLE_MODULES = YES;
				CLANG_ENABLE_OBJC_ARC = YES;
				CLANG_ENABLE_OBJC_WEAK = YES;
				CLANG_WARN_BLOCK_CAPTURE_AUTORELEASING = YES;
				CLANG_WARN_BOOL_CONVERSION = YES;
				CLANG_WARN_COMMA = YES;
				CLANG_WARN_CONSTANT_CONVERSION = YES;
				CLANG_WARN_DEPRECATED_OBJC_IMPLEMENTATIONS = YES;
				CLANG_WARN_DIRECT_OBJC_ISA_USAGE = YES_ERROR;
				CLANG_WARN_DOCUMENTATION_COMMENTS = YES;
				CLANG_WARN_EMPTY_BODY = YES;
				CLANG_WARN_ENUM_CONVERSION = YES;
				CLANG_WARN_INFINITE_RECURSION = YES;
				CLANG_WARN_INT_CONVERSION = YES;
				CLANG_WARN_NON_LITERAL_NULL_CONVERSION = YES;
				CLANG_WARN_OBJC_IMPLICIT_RETAIN_SELF = YES;
				CLANG_WARN_OBJC_LITERAL_CONVERSION = YES;
				CLANG_WARN_OBJC_ROOT_CLASS = YES_ERROR;
				CLANG_WARN_QUOTED_INCLUDE_IN_FRAMEWORK_HEADER = YES;
				CLANG_WARN_RANGE_LOOP_ANALYSIS = YES;
				CLANG_WARN_STRICT_PROTOTYPES = YES;
				CLANG_WARN_SUSPICIOUS_MOVE = YES;
				CLANG_WARN_UNGUARDED_AVAILABILITY = YES_AGGRESSIVE;
				CLANG_WARN_UNREACHABLE_CODE = YES;
				CLANG_WARN__DUPLICATE_METHOD_MATCH = YES;
				COPY_PHASE_STRIP = NO;
				DEBUG_INFORMATION_FORMAT = dwarf;
				ENABLE_STRICT_OBJC_MSGSEND = YES;
				ENABLE_TESTABILITY = YES;
				GCC_C_LANGUAGE_STANDARD = gnu11;
				GCC_DYNAMIC_NO_PIC = NO;
				GCC_NO_COMMON_BLOCKS = YES;
				GCC_OPTIMIZATION_LEVEL = 0;
				GCC_PREPROCESSOR_DEFINITIONS = (
					"DEBUG=1",
					"$(inherited)",
				);
				GCC_WARN_64_TO_32_BIT_CONVERSION = YES;
				GCC_WARN_ABOUT_RETURN_TYPE = YES_ERROR;
				GCC_WARN_UNDECLARED_SELECTOR = YES;
				GCC_WARN_UNINITIALIZED_AUTOS = YES_AGGRESSIVE;
				GCC_WARN_UNUSED_FUNCTION = YES;
				GCC_WARN_UNUSED_VARIABLE = YES;
				IPHONEOS_DEPLOYMENT_TARGET = 15.5;
				MTL_ENABLE_DEBUG_INFO = INCLUDE_SOURCE;
				MTL_FAST_MATH = YES;
				ONLY_ACTIVE_ARCH = YES;
				SDKROOT = iphoneos;
				SWIFT_ACTIVE_COMPILATION_CONDITIONS = DEBUG;
				SWIFT_OPTIMIZATION_LEVEL = "-Onone";
			};
			name = Debug;
		};
		FFE6C7D228A82BDD0039531B /* Release */ = {
			isa = XCBuildConfiguration;
			buildSettings = {
				ALWAYS_SEARCH_USER_PATHS = NO;
				CLANG_ANALYZER_NONNULL = YES;
				CLANG_ANALYZER_NUMBER_OBJECT_CONVERSION = YES_AGGRESSIVE;
				CLANG_CXX_LANGUAGE_STANDARD = "gnu++17";
				CLANG_ENABLE_MODULES = YES;
				CLANG_ENABLE_OBJC_ARC = YES;
				CLANG_ENABLE_OBJC_WEAK = YES;
				CLANG_WARN_BLOCK_CAPTURE_AUTORELEASING = YES;
				CLANG_WARN_BOOL_CONVERSION = YES;
				CLANG_WARN_COMMA = YES;
				CLANG_WARN_CONSTANT_CONVERSION = YES;
				CLANG_WARN_DEPRECATED_OBJC_IMPLEMENTATIONS = YES;
				CLANG_WARN_DIRECT_OBJC_ISA_USAGE = YES_ERROR;
				CLANG_WARN_DOCUMENTATION_COMMENTS = YES;
				CLANG_WARN_EMPTY_BODY = YES;
				CLANG_WARN_ENUM_CONVERSION = YES;
				CLANG_WARN_INFINITE_RECURSION = YES;
				CLANG_WARN_INT_CONVERSION = YES;
				CLANG_WARN_NON_LITERAL_NULL_CONVERSION = YES;
				CLANG_WARN_OBJC_IMPLICIT_RETAIN_SELF = YES;
				CLANG_WARN_OBJC_LITERAL_CONVERSION = YES;
				CLANG_WARN_OBJC_ROOT_CLASS = YES_ERROR;
				CLANG_WARN_QUOTED_INCLUDE_IN_FRAMEWORK_HEADER = YES;
				CLANG_WARN_RANGE_LOOP_ANALYSIS = YES;
				CLANG_WARN_STRICT_PROTOTYPES = YES;
				CLANG_WARN_SUSPICIOUS_MOVE = YES;
				CLANG_WARN_UNGUARDED_AVAILABILITY = YES_AGGRESSIVE;
				CLANG_WARN_UNREACHABLE_CODE = YES;
				CLANG_WARN__DUPLICATE_METHOD_MATCH = YES;
				COPY_PHASE_STRIP = NO;
				DEBUG_INFORMATION_FORMAT = "dwarf-with-dsym";
				ENABLE_NS_ASSERTIONS = NO;
				ENABLE_STRICT_OBJC_MSGSEND = YES;
				GCC_C_LANGUAGE_STANDARD = gnu11;
				GCC_NO_COMMON_BLOCKS = YES;
				GCC_WARN_64_TO_32_BIT_CONVERSION = YES;
				GCC_WARN_ABOUT_RETURN_TYPE = YES_ERROR;
				GCC_WARN_UNDECLARED_SELECTOR = YES;
				GCC_WARN_UNINITIALIZED_AUTOS = YES_AGGRESSIVE;
				GCC_WARN_UNUSED_FUNCTION = YES;
				GCC_WARN_UNUSED_VARIABLE = YES;
				IPHONEOS_DEPLOYMENT_TARGET = 15.5;
				MTL_ENABLE_DEBUG_INFO = NO;
				MTL_FAST_MATH = YES;
				SDKROOT = iphoneos;
				SWIFT_COMPILATION_MODE = wholemodule;
				SWIFT_OPTIMIZATION_LEVEL = "-O";
				VALIDATE_PRODUCT = YES;
			};
			name = Release;
		};
		FFE6C7D428A82BDD0039531B /* Debug */ = {
			isa = XCBuildConfiguration;
			buildSettings = {
				ASSETCATALOG_COMPILER_APPICON_NAME = AppIcon;
				ASSETCATALOG_COMPILER_GLOBAL_ACCENT_COLOR_NAME = AccentColor;
				CODE_SIGN_STYLE = Automatic;
				CURRENT_PROJECT_VERSION = 1;
				DEVELOPMENT_TEAM = 9PK8S4WFHD;
				GENERATE_INFOPLIST_FILE = YES;
				INFOPLIST_FILE = WeatherAstroTimer/Info.plist;
				INFOPLIST_KEY_UIApplicationSupportsIndirectInputEvents = YES;
				INFOPLIST_KEY_UILaunchStoryboardName = LaunchScreen;
				INFOPLIST_KEY_UIMainStoryboardFile = Main;
				INFOPLIST_KEY_UISupportedInterfaceOrientations_iPad = "UIInterfaceOrientationPortrait UIInterfaceOrientationPortraitUpsideDown UIInterfaceOrientationLandscapeLeft UIInterfaceOrientationLandscapeRight";
				INFOPLIST_KEY_UISupportedInterfaceOrientations_iPhone = "UIInterfaceOrientationPortrait UIInterfaceOrientationLandscapeLeft UIInterfaceOrientationLandscapeRight";
				LD_RUNPATH_SEARCH_PATHS = (
					"$(inherited)",
					"@executable_path/Frameworks",
				);
				MARKETING_VERSION = 1.0;
				PRODUCT_BUNDLE_IDENTIFIER = VasiliyStartsev.WeatherAstroTimer;
				PRODUCT_NAME = "$(TARGET_NAME)";
				SWIFT_EMIT_LOC_STRINGS = YES;
				SWIFT_VERSION = 5.0;
				TARGETED_DEVICE_FAMILY = "1,2";
			};
			name = Debug;
		};
		FFE6C7D528A82BDD0039531B /* Release */ = {
			isa = XCBuildConfiguration;
			buildSettings = {
				ASSETCATALOG_COMPILER_APPICON_NAME = AppIcon;
				ASSETCATALOG_COMPILER_GLOBAL_ACCENT_COLOR_NAME = AccentColor;
				CODE_SIGN_STYLE = Automatic;
				CURRENT_PROJECT_VERSION = 1;
				DEVELOPMENT_TEAM = 9PK8S4WFHD;
				GENERATE_INFOPLIST_FILE = YES;
				INFOPLIST_FILE = WeatherAstroTimer/Info.plist;
				INFOPLIST_KEY_UIApplicationSupportsIndirectInputEvents = YES;
				INFOPLIST_KEY_UILaunchStoryboardName = LaunchScreen;
				INFOPLIST_KEY_UIMainStoryboardFile = Main;
				INFOPLIST_KEY_UISupportedInterfaceOrientations_iPad = "UIInterfaceOrientationPortrait UIInterfaceOrientationPortraitUpsideDown UIInterfaceOrientationLandscapeLeft UIInterfaceOrientationLandscapeRight";
				INFOPLIST_KEY_UISupportedInterfaceOrientations_iPhone = "UIInterfaceOrientationPortrait UIInterfaceOrientationLandscapeLeft UIInterfaceOrientationLandscapeRight";
				LD_RUNPATH_SEARCH_PATHS = (
					"$(inherited)",
					"@executable_path/Frameworks",
				);
				MARKETING_VERSION = 1.0;
				PRODUCT_BUNDLE_IDENTIFIER = VasiliyStartsev.WeatherAstroTimer;
				PRODUCT_NAME = "$(TARGET_NAME)";
				SWIFT_EMIT_LOC_STRINGS = YES;
				SWIFT_VERSION = 5.0;
				TARGETED_DEVICE_FAMILY = "1,2";
			};
			name = Release;
		};
/* End XCBuildConfiguration section */

/* Begin XCConfigurationList section */
		FFE6C7BA28A82BD70039531B /* Build configuration list for PBXProject "WeatherAstroTimer" */ = {
			isa = XCConfigurationList;
			buildConfigurations = (
				FFE6C7D128A82BDD0039531B /* Debug */,
				FFE6C7D228A82BDD0039531B /* Release */,
			);
			defaultConfigurationIsVisible = 0;
			defaultConfigurationName = Release;
		};
		FFE6C7D328A82BDD0039531B /* Build configuration list for PBXNativeTarget "WeatherAstroTimer" */ = {
			isa = XCConfigurationList;
			buildConfigurations = (
				FFE6C7D428A82BDD0039531B /* Debug */,
				FFE6C7D528A82BDD0039531B /* Release */,
			);
			defaultConfigurationIsVisible = 0;
			defaultConfigurationName = Release;
		};
/* End XCConfigurationList section */
	};
	rootObject = FFE6C7B728A82BD70039531B /* Project object */;
}
